<?xml version="1.0" encoding="utf-8"?>
<Project ToolsVersion="4.0" xmlns="http://schemas.microsoft.com/developer/msbuild/2003">
  <ItemGroup>
    <Filter Include="src">
      <UniqueIdentifier>{14ecd214-1b21-41d6-8124-7f5bc3e9b6e4}</UniqueIdentifier>
    </Filter>
    <Filter Include="notes">
      <UniqueIdentifier>{c7a6e8c8-55f4-4c9a-95e7-ab4a3fecce1b}</UniqueIdentifier>
    </Filter>
  </ItemGroup>
  <ItemGroup>
    <ClCompile Include="..\src\draw.cpp">
      <Filter>src</Filter>
    </ClCompile>
    <ClCompile Include="..\src\gamewindow.cpp">
      <Filter>src</Filter>
    </ClCompile>
    <ClCompile Include="..\src\gameworld.cpp">
      <Filter>src</Filter>
    </ClCompile>
    <ClCompile Include="..\src\main.cpp">
      <Filter>src</Filter>
    </ClCompile>
    <ClCompile Include="..\src\map.cpp">
      <Filter>src</Filter>
    </ClCompile>
    <ClCompile Include="..\src\tile.cpp">
      <Filter>src</Filter>
    </ClCompile>
  </ItemGroup>
  <ItemGroup>
    <ClInclude Include="..\src\draw.h">
      <Filter>src</Filter>
    </ClInclude>
    <ClInclude Include="..\src\gamewindow.h">
      <Filter>src</Filter>
    </ClInclude>
    <ClInclude Include="..\src\gameworld.h">
      <Filter>src</Filter>
    </ClInclude>
    <ClInclude Include="..\src\map.h">
      <Filter>src</Filter>
    </ClInclude>
    <ClInclude Include="..\src\tile.h">
      <Filter>src</Filter>
    </ClInclude>
  </ItemGroup>
  <ItemGroup>
    <Text Include="..\doc\BUGS.TXT">
      <Filter>notes</Filter>
    </Text>
    <Text Include="..\doc\lighting prototype.txt">
      <Filter>notes</Filter>
    </Text>
    <Text Include="..\doc\PROBLEMS.TXT">
      <Filter>notes</Filter>
    </Text>
    <Text Include="..\doc\TODO.TXT">
      <Filter>notes</Filter>
    </Text>
  </ItemGroup>
</Project>